
Microsoft Visual Studio Solution File, Format Version 12.00
# Visual Studio Version 17
VisualStudioVersion = 17.0.31903.59
MinimumVisualStudioVersion = 10.0.40219.1
Project("{FAE04EC0-301F-11D3-BF4B-00C04F79EFBC}") = "Mediator", "Mediator\Mediator.csproj", "{54544D10-56A4-4671-A6A3-1D1308990B37}"
EndProject
Project("{FAE04EC0-301F-11D3-BF4B-00C04F79EFBC}") = "Mediator.Abstractions", "Mediator.Abstractions\Mediator.Abstractions.csproj", "{23B375F7-A9D4-4EC1-84C0-B910E7F8C63E}"
EndProject
Project("{FAE04EC0-301F-11D3-BF4B-00C04F79EFBC}") = "Mediator.Samples", "Mediator.Samples\Mediator.Samples.csproj", "{7F25BABA-16DB-4CBF-BDB9-4D3714359C2E}"
EndProject
Project("{FAE04EC0-301F-11D3-BF4B-00C04F79EFBC}") = "Mediator.Tests", "Mediator.Tests\Mediator.Tests.csproj", "{30B3D59C-7EA7-45EA-BEFD-16D0DA5E7887}"
EndProject
Project("{2150E333-8FDC-42A3-9474-1A3956D46DE8}") = "Samples", "Samples", "{198E2946-6FC6-43E1-A30B-AE0B15FE635F}"
EndProject
Project("{2150E333-8FDC-42A3-9474-1A3956D46DE8}") = "Mediator", "Mediator", "{DE3D0683-7662-426F-A492-DED3F60D7F6C}"
EndProject
Project("{FAE04EC0-301F-11D3-BF4B-00C04F79EFBC}") = "Mediador.Api", "Mediador.Api\Mediador.Api.csproj", "{B60C662F-EBD3-4F50-A93A-F8532EA03A5A}"
EndProject
Project("{FAE04EC0-301F-11D3-BF4B-00C04F79EFBC}") = "Mediator.Dominio", "Mediator.Dominio\Mediator.Dominio.csproj", "{B7126AF6-9070-4E0F-B90B-C58421CCADF0}"
EndProject
Project("{FAE04EC0-301F-11D3-BF4B-00C04F79EFBC}") = "Mediator.Infraestrutura", "Mediator.Infraestrutura\Mediator.Infraestrutura.csproj", "{69A82A0F-A17A-4B94-8C54-A29F579E54AE}"
EndProject
Project("{2150E333-8FDC-42A3-9474-1A3956D46DE8}") = "Console", "Console", "{5DF9D5D7-2657-4142-BC6A-EFA2D8FE5C5B}"
EndProject
Project("{2150E333-8FDC-42A3-9474-1A3956D46DE8}") = "Api", "Api", "{82DA5593-A93F-47E1-8156-58CA2F34FDB3}"
EndProject
Global
	GlobalSection(SolutionConfigurationPlatforms) = preSolution
		Debug|Any CPU = Debug|Any CPU
		Release|Any CPU = Release|Any CPU
	EndGlobalSection
	GlobalSection(SolutionProperties) = preSolution
		HideSolutionNode = FALSE
	EndGlobalSection
	GlobalSection(ProjectConfigurationPlatforms) = postSolution
		{54544D10-56A4-4671-A6A3-1D1308990B37}.Debug|Any CPU.ActiveCfg = Debug|Any CPU
		{54544D10-56A4-4671-A6A3-1D1308990B37}.Debug|Any CPU.Build.0 = Debug|Any CPU
		{54544D10-56A4-4671-A6A3-1D1308990B37}.Release|Any CPU.ActiveCfg = Release|Any CPU
		{54544D10-56A4-4671-A6A3-1D1308990B37}.Release|Any CPU.Build.0 = Release|Any CPU
		{23B375F7-A9D4-4EC1-84C0-B910E7F8C63E}.Debug|Any CPU.ActiveCfg = Debug|Any CPU
		{23B375F7-A9D4-4EC1-84C0-B910E7F8C63E}.Debug|Any CPU.Build.0 = Debug|Any CPU
		{23B375F7-A9D4-4EC1-84C0-B910E7F8C63E}.Release|Any CPU.ActiveCfg = Release|Any CPU
		{23B375F7-A9D4-4EC1-84C0-B910E7F8C63E}.Release|Any CPU.Build.0 = Release|Any CPU
		{7F25BABA-16DB-4CBF-BDB9-4D3714359C2E}.Debug|Any CPU.ActiveCfg = Debug|Any CPU
		{7F25BABA-16DB-4CBF-BDB9-4D3714359C2E}.Debug|Any CPU.Build.0 = Debug|Any CPU
		{7F25BABA-16DB-4CBF-BDB9-4D3714359C2E}.Release|Any CPU.ActiveCfg = Release|Any CPU
		{7F25BABA-16DB-4CBF-BDB9-4D3714359C2E}.Release|Any CPU.Build.0 = Release|Any CPU
		{30B3D59C-7EA7-45EA-BEFD-16D0DA5E7887}.Debug|Any CPU.ActiveCfg = Debug|Any CPU
		{30B3D59C-7EA7-45EA-BEFD-16D0DA5E7887}.Debug|Any CPU.Build.0 = Debug|Any CPU
		{30B3D59C-7EA7-45EA-BEFD-16D0DA5E7887}.Release|Any CPU.ActiveCfg = Release|Any CPU
		{30B3D59C-7EA7-45EA-BEFD-16D0DA5E7887}.Release|Any CPU.Build.0 = Release|Any CPU
		{B60C662F-EBD3-4F50-A93A-F8532EA03A5A}.Debug|Any CPU.ActiveCfg = Debug|Any CPU
		{B60C662F-EBD3-4F50-A93A-F8532EA03A5A}.Debug|Any CPU.Build.0 = Debug|Any CPU
		{B60C662F-EBD3-4F50-A93A-F8532EA03A5A}.Release|Any CPU.ActiveCfg = Release|Any CPU
		{B60C662F-EBD3-4F50-A93A-F8532EA03A5A}.Release|Any CPU.Build.0 = Release|Any CPU
		{B7126AF6-9070-4E0F-B90B-C58421CCADF0}.Debug|Any CPU.ActiveCfg = Debug|Any CPU
		{B7126AF6-9070-4E0F-B90B-C58421CCADF0}.Debug|Any CPU.Build.0 = Debug|Any CPU
		{B7126AF6-9070-4E0F-B90B-C58421CCADF0}.Release|Any CPU.ActiveCfg = Release|Any CPU
		{B7126AF6-9070-4E0F-B90B-C58421CCADF0}.Release|Any CPU.Build.0 = Release|Any CPU
		{69A82A0F-A17A-4B94-8C54-A29F579E54AE}.Debug|Any CPU.ActiveCfg = Debug|Any CPU
		{69A82A0F-A17A-4B94-8C54-A29F579E54AE}.Debug|Any CPU.Build.0 = Debug|Any CPU
		{69A82A0F-A17A-4B94-8C54-A29F579E54AE}.Release|Any CPU.ActiveCfg = Release|Any CPU
		{69A82A0F-A17A-4B94-8C54-A29F579E54AE}.Release|Any CPU.Build.0 = Release|Any CPU
	EndGlobalSection
	GlobalSection(NestedProjects) = preSolution
		{54544D10-56A4-4671-A6A3-1D1308990B37} = {DE3D0683-7662-426F-A492-DED3F60D7F6C}
		{23B375F7-A9D4-4EC1-84C0-B910E7F8C63E} = {DE3D0683-7662-426F-A492-DED3F60D7F6C}
		{30B3D59C-7EA7-45EA-BEFD-16D0DA5E7887} = {DE3D0683-7662-426F-A492-DED3F60D7F6C}
		{5DF9D5D7-2657-4142-BC6A-EFA2D8FE5C5B} = {198E2946-6FC6-43E1-A30B-AE0B15FE635F}
		{7F25BABA-16DB-4CBF-BDB9-4D3714359C2E} = {5DF9D5D7-2657-4142-BC6A-EFA2D8FE5C5B}
		{82DA5593-A93F-47E1-8156-58CA2F34FDB3} = {198E2946-6FC6-43E1-A30B-AE0B15FE635F}
		{B60C662F-EBD3-4F50-A93A-F8532EA03A5A} = {82DA5593-A93F-47E1-8156-58CA2F34FDB3}
		{B7126AF6-9070-4E0F-B90B-C58421CCADF0} = {82DA5593-A93F-47E1-8156-58CA2F34FDB3}
		{69A82A0F-A17A-4B94-8C54-A29F579E54AE} = {82DA5593-A93F-47E1-8156-58CA2F34FDB3}
	EndGlobalSection
EndGlobal
